
Microsoft Visual Studio Solution File, Format Version 12.00
# Visual Studio Version 17
VisualStudioVersion = 17.9.34622.214
MinimumVisualStudioVersion = 10.0.40219.1
Project("{8BC9CEB8-8B4A-11D0-8D11-00A0C91BC942}") = "LM", "LM\LM.vcxproj", "{455CAE98-EC7F-498F-AA12-3A24D28F87B5}"
EndProject
Global
	GlobalSection(SolutionConfigurationPlatforms) = preSolution
		Debug|x64 = Debug|x64
		Debug|x86 = Debug|x86
		Release|x64 = Release|x64
		Release|x86 = Release|x86
	EndGlobalSection
	GlobalSection(ProjectConfigurationPlatforms) = postSolution
		{455CAE98-EC7F-498F-AA12-3A24D28F87B5}.Debug|x64.ActiveCfg = Debug|x64
		{455CAE98-EC7F-498F-AA12-3A24D28F87B5}.Debug|x64.Build.0 = Debug|x64
		{455CAE98-EC7F-498F-AA12-3A24D28F87B5}.Debug|x86.ActiveCfg = Debug|Win32
		{455CAE98-EC7F-498F-AA12-3A24D28F87B5}.Debug|x86.Build.0 = Debug|Win32
		{455CAE98-EC7F-498F-AA12-3A24D28F87B5}.Release|x64.ActiveCfg = Release|x64
		{455CAE98-EC7F-498F-AA12-3A24D28F87B5}.Release|x64.Build.0 = Release|x64
		{455CAE98-EC7F-498F-AA12-3A24D28F87B5}.Release|x86.ActiveCfg = Release|Win32
		{455CAE98-EC7F-498F-AA12-3A24D28F87B5}.Release|x86.Build.0 = Release|Win32
	EndGlobalSection
	GlobalSection(SolutionProperties) = preSolution
		HideSolutionNode = FALSE
	EndGlobalSection
	GlobalSection(ExtensibilityGlobals) = postSolution
		SolutionGuid = {FB9AF4E5-78EB-449C-9581-2D84F6ECBA11}
	EndGlobalSection
EndGlobal
